
Microsoft Visual Studio Solution File, Format Version 12.00
# Visual Studio 15
VisualStudioVersion = 15.0.28010.2019
MinimumVisualStudioVersion = 10.0.40219.1
Project("{FAE04EC0-301F-11D3-BF4B-00C04F79EFBC}") = "NorthWestLabs", "NorthWestLabs\NorthWestLabs.csproj", "{626DA9E7-47E7-48DB-B82F-B5360DAFB5C3}"
EndProject
Global
	GlobalSection(SolutionConfigurationPlatforms) = preSolution
		Debug|Any CPU = Debug|Any CPU
		Release|Any CPU = Release|Any CPU
	EndGlobalSection
	GlobalSection(ProjectConfigurationPlatforms) = postSolution
		{626DA9E7-47E7-48DB-B82F-B5360DAFB5C3}.Debug|Any CPU.ActiveCfg = Debug|Any CPU
		{626DA9E7-47E7-48DB-B82F-B5360DAFB5C3}.Debug|Any CPU.Build.0 = Debug|Any CPU
		{626DA9E7-47E7-48DB-B82F-B5360DAFB5C3}.Release|Any CPU.ActiveCfg = Release|Any CPU
		{626DA9E7-47E7-48DB-B82F-B5360DAFB5C3}.Release|Any CPU.Build.0 = Release|Any CPU
	EndGlobalSection
	GlobalSection(SolutionProperties) = preSolution
		HideSolutionNode = FALSE
	EndGlobalSection
	GlobalSection(ExtensibilityGlobals) = postSolution
		SolutionGuid = {74894FA5-712B-4665-B7FB-6193A3CD5311}
	EndGlobalSection
EndGlobal
